// !$*UTF8*$!
{
	archiveVersion = 1;
	classes = {
	};
	objectVersion = 46;
	objects = {

/* Begin PBXBuildFile section */
		0375CE2F853EDD2CE192DB7C /* Pods_GasPhotoIOSTests.framework in Frameworks */ = {isa = PBXBuildFile; fileRef = 346DD9FA336C67C2E6D86A3E /* Pods_GasPhotoIOSTests.framework */; };
		08ADC9CD5EC469E6D29EAF1A /* URLSessionHomeAssistantClient.swift in Sources */ = {isa = PBXBuildFile; fileRef = 15C13EFA3968EC89D772A1CB /* URLSessionHomeAssistantClient.swift */; };
		0C9A8EC8C3F2C23CF36E78C3 /* InferenceServiceTests.swift in Sources */ = {isa = PBXBuildFile; fileRef = 4C5BFD5EBD37002562149DA5 /* InferenceServiceTests.swift */; };
		0CAEF3D7E3365CAD09EF85DC /* HomeAssistantCredentials.swift in Sources */ = {isa = PBXBuildFile; fileRef = 809E5D1A8BF222606F3A4CC2 /* HomeAssistantCredentials.swift */; };
		14AF86F34CD34E9941043E01 /* InferenceService.swift in Sources */ = {isa = PBXBuildFile; fileRef = 992EFA0046EC8A206DC91702 /* InferenceService.swift */; };
		243A9AAB555BF72EB8691C88 /* ReadingValidator.swift in Sources */ = {isa = PBXBuildFile; fileRef = 3AE92ACB1FD1025D28EF99FF /* ReadingValidator.swift */; };
		3228541D992D617693B1A7F4 /* ImagePreprocessorTests.swift in Sources */ = {isa = PBXBuildFile; fileRef = 7F030BC1CD90A311A9953F7A /* ImagePreprocessorTests.swift */; };
		38D3A40558680E47032708F5 /* ONNXRuntimeTests.swift in Sources */ = {isa = PBXBuildFile; fileRef = 9888E9770065568352C050B4 /* ONNXRuntimeTests.swift */; };
		3EB6E9A4DA5582E0E79771C5 /* HomeAssistantResponseDecoder.swift in Sources */ = {isa = PBXBuildFile; fileRef = F55107C5A917A02B6DB15908 /* HomeAssistantResponseDecoder.swift */; };
		4571EA6A02E301B11FBB1269 /* ImageMetadataReaderTests.swift in Sources */ = {isa = PBXBuildFile; fileRef = E66BC17B204038FC96315D35 /* ImageMetadataReaderTests.swift */; };
		45E796E2876A30F5564D1801 /* HomeAssistantResponseDecoderTests.swift in Sources */ = {isa = PBXBuildFile; fileRef = D7C8AD4C128B3ADE505F36E8 /* HomeAssistantResponseDecoderTests.swift */; };
		4983F01B4A114F7CE6D204DE /* InMemoryReadingRepository.swift in Sources */ = {isa = PBXBuildFile; fileRef = D53C2E9600C99EB6F79F2D50 /* InMemoryReadingRepository.swift */; };
		4B932709508103367C6DC3BB /* window-detector-best.onnx in Resources */ = {isa = PBXBuildFile; fileRef = F4A4178C1C3795C2524FEECF /* window-detector-best.onnx */; };
		512BEB98D92C40F25C50819D /* KeychainCredentialStoreTests.swift in Sources */ = {isa = PBXBuildFile; fileRef = B18D13F80DFC9ABEA0EE008E /* KeychainCredentialStoreTests.swift */; };
		54364DB541F122608369E259 /* PhotoArchive.swift in Sources */ = {isa = PBXBuildFile; fileRef = C34ACFDA6EB37843E70C2429 /* PhotoArchive.swift */; };
		54543D0F389460519525D497 /* AppContainer.swift in Sources */ = {isa = PBXBuildFile; fileRef = F1DB3D1B091705049838DD23 /* AppContainer.swift */; };
		552C57A75A4B74AF9C334D47 /* ReviewViewModelTests.swift in Sources */ = {isa = PBXBuildFile; fileRef = 8D0998D5DDCDABC7650B6BAB /* ReviewViewModelTests.swift */; };
		67FB2C507700E8F3BB4F6EFD /* Reading.swift in Sources */ = {isa = PBXBuildFile; fileRef = 7C71CD57169C261974A0DFEE /* Reading.swift */; };
		6B7D7174AB3C3E269460B148 /* Foundation.framework in Frameworks */ = {isa = PBXBuildFile; fileRef = 249CF9D89D7AD78277562664 /* Foundation.framework */; };
		71AC044032C76F461230BF23 /* WindowEditorView.swift in Sources */ = {isa = PBXBuildFile; fileRef = 8526B5303533654CF80143DE /* WindowEditorView.swift */; };
		740ECCC6AE2BAF2BEA9E54B0 /* ReviewView.swift in Sources */ = {isa = PBXBuildFile; fileRef = 7F732FD5BD6911616589F732 /* ReviewView.swift */; };
		7D549D94AFB97D8B700D9ED0 /* SwiftDataReadingRepositoryTests.swift in Sources */ = {isa = PBXBuildFile; fileRef = 6E42C97DAD22A3B118935D05 /* SwiftDataReadingRepositoryTests.swift */; };
		82F569FAE9EB57BEC19C9A81 /* AppContainerTests.swift in Sources */ = {isa = PBXBuildFile; fileRef = 8E99B0DB029F6D7B1844BA34 /* AppContainerTests.swift */; };
		86D6508DAEBC0F2C6152793D /* CaptureViewModel.swift in Sources */ = {isa = PBXBuildFile; fileRef = E01B4BD076964A406B00BA3F /* CaptureViewModel.swift */; };
		90C7B67A8C08FBBE2791285A /* ImagePreprocessor.swift in Sources */ = {isa = PBXBuildFile; fileRef = CCAFE4D54206E3178DFABF4A /* ImagePreprocessor.swift */; };
		95F1C06D36B95FDB5B76F5DB /* GasPhotoIOSApp.swift in Sources */ = {isa = PBXBuildFile; fileRef = 2968C98EB05311BBD4EF8841 /* GasPhotoIOSApp.swift */; };
		9723517E762709BAD5BF088B /* HomeAssistantSettingsView.swift in Sources */ = {isa = PBXBuildFile; fileRef = 81C74485611129318E6E97AB /* HomeAssistantSettingsView.swift */; };
		9A79ED4D9BC631907C53C6D1 /* HomeAssistantClientTests.swift in Sources */ = {isa = PBXBuildFile; fileRef = 1C8780A305A3B5270212F649 /* HomeAssistantClientTests.swift */; };
		AD6CA90B2838F36D494C89C4 /* Foundation.framework in Frameworks */ = {isa = PBXBuildFile; fileRef = 249CF9D89D7AD78277562664 /* Foundation.framework */; };
		ADED1AAAD81283A6D09EFB15 /* CameraCaptureService.swift in Sources */ = {isa = PBXBuildFile; fileRef = D33C7C987CD424D989E44AF2 /* CameraCaptureService.swift */; };
		C40F97A45A29F29A54E2DAD5 /* RootView.swift in Sources */ = {isa = PBXBuildFile; fileRef = BB85715E93D44CB82FB34564 /* RootView.swift */; };
		CD5B507D183A670417C91653 /* ONNXRuntime.swift in Sources */ = {isa = PBXBuildFile; fileRef = 8AF99951854638D414690828 /* ONNXRuntime.swift */; };
		D02656B1A297E9C82C2099AF /* CaptureView.swift in Sources */ = {isa = PBXBuildFile; fileRef = BBF70B63B6B19885EBE3D531 /* CaptureView.swift */; };
		D426DB4B7C02D82A5574816B /* ImageMetadataReader.swift in Sources */ = {isa = PBXBuildFile; fileRef = 985CE7CDA02F6902E1773618 /* ImageMetadataReader.swift */; };
		D5CBA00F005885BDCD086BBE /* ModelBundle.swift in Sources */ = {isa = PBXBuildFile; fileRef = E5EF60D50C1F852B6DD8955B /* ModelBundle.swift */; };
		D84E4AC9361C937B54FEE9CC /* ORTInferenceBridge.mm in Sources */ = {isa = PBXBuildFile; fileRef = 66B5639083B2C75DC907E55A /* ORTInferenceBridge.mm */; };
		E3609994E6AAD3304D3046B8 /* ReviewViewModel.swift in Sources */ = {isa = PBXBuildFile; fileRef = 0E23DA7ED5205AD176CCDC3F /* ReviewViewModel.swift */; };
		E88DBC5A87E19270ED8662A5 /* digit-classifier-active.onnx in Resources */ = {isa = PBXBuildFile; fileRef = 7F8BBC0E841135E6C8AFDC6B /* digit-classifier-active.onnx */; };
		EEED7810F7FA4EDBBDA720C6 /* ReadingValidatorTests.swift in Sources */ = {isa = PBXBuildFile; fileRef = 5DB7B0A6B6A22A81C966661D /* ReadingValidatorTests.swift */; };
		F751CA1024AEECE353AB455F /* PhotoArchiveTests.swift in Sources */ = {isa = PBXBuildFile; fileRef = 9A9FD425828F2DCD63CD6D1D /* PhotoArchiveTests.swift */; };
		F86FF76EFF593C1A224E5A91 /* SwiftDataReadingRepository.swift in Sources */ = {isa = PBXBuildFile; fileRef = 9A15AA9A77F82D771D121292 /* SwiftDataReadingRepository.swift */; };
		FC040E3D1BC4A43EB9E1E821 /* Pods_GasPhotoIOS.framework in Frameworks */ = {isa = PBXBuildFile; fileRef = 56E583CEE5BDEE301BBFD01C /* Pods_GasPhotoIOS.framework */; };
/* End PBXBuildFile section */

/* Begin PBXContainerItemProxy section */
		46073A5E9FD85442B03EBA85 /* PBXContainerItemProxy */ = {
			isa = PBXContainerItemProxy;
			containerPortal = 1CF24AF07520823C1569221F /* Project object */;
			proxyType = 1;
			remoteGlobalIDString = 25892F660FEE598AB58F4FEB;
			remoteInfo = GasPhotoIOS;
		};
/* End PBXContainerItemProxy section */

/* Begin PBXFileReference section */
		0B0E3E55197811A4B85F22C8 /* Pods-GasPhotoIOSTests.release.xcconfig */ = {isa = PBXFileReference; includeInIndex = 1; lastKnownFileType = text.xcconfig; name = "Pods-GasPhotoIOSTests.release.xcconfig"; path = "Target Support Files/Pods-GasPhotoIOSTests/Pods-GasPhotoIOSTests.release.xcconfig"; sourceTree = "<group>"; };
		0E23DA7ED5205AD176CCDC3F /* ReviewViewModel.swift */ = {isa = PBXFileReference; includeInIndex = 1; lastKnownFileType = sourcecode.swift; name = ReviewViewModel.swift; path = Features/Review/ReviewViewModel.swift; sourceTree = "<group>"; };
		15C13EFA3968EC89D772A1CB /* URLSessionHomeAssistantClient.swift */ = {isa = PBXFileReference; includeInIndex = 1; lastKnownFileType = sourcecode.swift; name = URLSessionHomeAssistantClient.swift; path = HomeAssistant/URLSessionHomeAssistantClient.swift; sourceTree = "<group>"; };
		1C8780A305A3B5270212F649 /* HomeAssistantClientTests.swift */ = {isa = PBXFileReference; includeInIndex = 1; lastKnownFileType = sourcecode.swift; path = HomeAssistantClientTests.swift; sourceTree = "<group>"; };
		249CF9D89D7AD78277562664 /* Foundation.framework */ = {isa = PBXFileReference; lastKnownFileType = wrapper.framework; name = Foundation.framework; path = Platforms/iPhoneOS.platform/Developer/SDKs/iPhoneOS26.0.sdk/System/Library/Frameworks/Foundation.framework; sourceTree = DEVELOPER_DIR; };
		27A128588490D9709D87CC53 /* BuildSettings.xcconfig */ = {isa = PBXFileReference; includeInIndex = 1; lastKnownFileType = text.xcconfig; path = BuildSettings.xcconfig; sourceTree = "<group>"; };
		2968C98EB05311BBD4EF8841 /* GasPhotoIOSApp.swift */ = {isa = PBXFileReference; includeInIndex = 1; lastKnownFileType = sourcecode.swift; name = GasPhotoIOSApp.swift; path = App/GasPhotoIOSApp.swift; sourceTree = "<group>"; };
		346DD9FA336C67C2E6D86A3E /* Pods_GasPhotoIOSTests.framework */ = {isa = PBXFileReference; explicitFileType = wrapper.framework; includeInIndex = 0; path = Pods_GasPhotoIOSTests.framework; sourceTree = BUILT_PRODUCTS_DIR; };
		3AE92ACB1FD1025D28EF99FF /* ReadingValidator.swift */ = {isa = PBXFileReference; includeInIndex = 1; lastKnownFileType = sourcecode.swift; name = ReadingValidator.swift; path = Domain/ReadingValidator.swift; sourceTree = "<group>"; };
		430D2B50CF73EE9C1C72B5A0 /* Release.xcconfig */ = {isa = PBXFileReference; includeInIndex = 1; lastKnownFileType = text.xcconfig; path = Release.xcconfig; sourceTree = "<group>"; };
		44277C478B0A08980C3E1506 /* GasPhotoIOS.app */ = {isa = PBXFileReference; explicitFileType = wrapper.application; includeInIndex = 0; path = GasPhotoIOS.app; sourceTree = BUILT_PRODUCTS_DIR; };
		4C5BFD5EBD37002562149DA5 /* InferenceServiceTests.swift */ = {isa = PBXFileReference; includeInIndex = 1; lastKnownFileType = sourcecode.swift; path = InferenceServiceTests.swift; sourceTree = "<group>"; };
		56E583CEE5BDEE301BBFD01C /* Pods_GasPhotoIOS.framework */ = {isa = PBXFileReference; explicitFileType = wrapper.framework; includeInIndex = 0; path = Pods_GasPhotoIOS.framework; sourceTree = BUILT_PRODUCTS_DIR; };
		5DB7B0A6B6A22A81C966661D /* ReadingValidatorTests.swift */ = {isa = PBXFileReference; includeInIndex = 1; lastKnownFileType = sourcecode.swift; path = ReadingValidatorTests.swift; sourceTree = "<group>"; };
		64FFA69D3E581647A53AFD72 /* Pods-GasPhotoIOS.release.xcconfig */ = {isa = PBXFileReference; includeInIndex = 1; lastKnownFileType = text.xcconfig; name = "Pods-GasPhotoIOS.release.xcconfig"; path = "Target Support Files/Pods-GasPhotoIOS/Pods-GasPhotoIOS.release.xcconfig"; sourceTree = "<group>"; };
		66B5639083B2C75DC907E55A /* ORTInferenceBridge.mm */ = {isa = PBXFileReference; includeInIndex = 1; name = ORTInferenceBridge.mm; path = Inference/ORTInferenceBridge.mm; sourceTree = "<group>"; };
		6E42C97DAD22A3B118935D05 /* SwiftDataReadingRepositoryTests.swift */ = {isa = PBXFileReference; includeInIndex = 1; lastKnownFileType = sourcecode.swift; path = SwiftDataReadingRepositoryTests.swift; sourceTree = "<group>"; };
		7C71CD57169C261974A0DFEE /* Reading.swift */ = {isa = PBXFileReference; includeInIndex = 1; lastKnownFileType = sourcecode.swift; name = Reading.swift; path = Domain/Reading.swift; sourceTree = "<group>"; };
		7E2B938AA9088A66F35E7213 /* GasPhotoIOS-Bridging-Header.h */ = {isa = PBXFileReference; includeInIndex = 1; lastKnownFileType = sourcecode.c.h; path = "GasPhotoIOS-Bridging-Header.h"; sourceTree = "<group>"; };
		7F030BC1CD90A311A9953F7A /* ImagePreprocessorTests.swift */ = {isa = PBXFileReference; includeInIndex = 1; lastKnownFileType = sourcecode.swift; path = ImagePreprocessorTests.swift; sourceTree = "<group>"; };
		7F732FD5BD6911616589F732 /* ReviewView.swift */ = {isa = PBXFileReference; includeInIndex = 1; lastKnownFileType = sourcecode.swift; name = ReviewView.swift; path = Features/Review/ReviewView.swift; sourceTree = "<group>"; };
		7F8BBC0E841135E6C8AFDC6B /* digit-classifier-active.onnx */ = {isa = PBXFileReference; includeInIndex = 1; name = "digit-classifier-active.onnx"; path = "Resources/Models/digit-classifier-active.onnx"; sourceTree = "<group>"; };
		809E5D1A8BF222606F3A4CC2 /* HomeAssistantCredentials.swift */ = {isa = PBXFileReference; includeInIndex = 1; lastKnownFileType = sourcecode.swift; name = HomeAssistantCredentials.swift; path = HomeAssistant/HomeAssistantCredentials.swift; sourceTree = "<group>"; };
		81C74485611129318E6E97AB /* HomeAssistantSettingsView.swift */ = {isa = PBXFileReference; includeInIndex = 1; lastKnownFileType = sourcecode.swift; name = HomeAssistantSettingsView.swift; path = HomeAssistant/HomeAssistantSettingsView.swift; sourceTree = "<group>"; };
		8526B5303533654CF80143DE /* WindowEditorView.swift */ = {isa = PBXFileReference; includeInIndex = 1; lastKnownFileType = sourcecode.swift; name = WindowEditorView.swift; path = Features/Review/WindowEditorView.swift; sourceTree = "<group>"; };
		8AF99951854638D414690828 /* ONNXRuntime.swift */ = {isa = PBXFileReference; includeInIndex = 1; lastKnownFileType = sourcecode.swift; name = ONNXRuntime.swift; path = Inference/ONNXRuntime.swift; sourceTree = "<group>"; };
		8D0998D5DDCDABC7650B6BAB /* ReviewViewModelTests.swift */ = {isa = PBXFileReference; includeInIndex = 1; lastKnownFileType = sourcecode.swift; path = ReviewViewModelTests.swift; sourceTree = "<group>"; };
		8E99B0DB029F6D7B1844BA34 /* AppContainerTests.swift */ = {isa = PBXFileReference; includeInIndex = 1; lastKnownFileType = sourcecode.swift; path = AppContainerTests.swift; sourceTree = "<group>"; };
		985CE7CDA02F6902E1773618 /* ImageMetadataReader.swift */ = {isa = PBXFileReference; includeInIndex = 1; lastKnownFileType = sourcecode.swift; name = ImageMetadataReader.swift; path = Photos/ImageMetadataReader.swift; sourceTree = "<group>"; };
		9888E9770065568352C050B4 /* ONNXRuntimeTests.swift */ = {isa = PBXFileReference; includeInIndex = 1; lastKnownFileType = sourcecode.swift; path = ONNXRuntimeTests.swift; sourceTree = "<group>"; };
		992EFA0046EC8A206DC91702 /* InferenceService.swift */ = {isa = PBXFileReference; includeInIndex = 1; lastKnownFileType = sourcecode.swift; name = InferenceService.swift; path = Inference/InferenceService.swift; sourceTree = "<group>"; };
		9A15AA9A77F82D771D121292 /* SwiftDataReadingRepository.swift */ = {isa = PBXFileReference; includeInIndex = 1; lastKnownFileType = sourcecode.swift; name = SwiftDataReadingRepository.swift; path = Data/SwiftDataReadingRepository.swift; sourceTree = "<group>"; };
		9A9FD425828F2DCD63CD6D1D /* PhotoArchiveTests.swift */ = {isa = PBXFileReference; includeInIndex = 1; lastKnownFileType = sourcecode.swift; path = PhotoArchiveTests.swift; sourceTree = "<group>"; };
		A1D2C3EA5CF679746A9ECB5F /* Pods-GasPhotoIOSTests.debug.xcconfig */ = {isa = PBXFileReference; includeInIndex = 1; lastKnownFileType = text.xcconfig; name = "Pods-GasPhotoIOSTests.debug.xcconfig"; path = "Target Support Files/Pods-GasPhotoIOSTests/Pods-GasPhotoIOSTests.debug.xcconfig"; sourceTree = "<group>"; };
		B18D13F80DFC9ABEA0EE008E /* KeychainCredentialStoreTests.swift */ = {isa = PBXFileReference; includeInIndex = 1; lastKnownFileType = sourcecode.swift; path = KeychainCredentialStoreTests.swift; sourceTree = "<group>"; };
		B746235883114E787EFEF222 /* ORTInferenceBridge.h */ = {isa = PBXFileReference; includeInIndex = 1; lastKnownFileType = sourcecode.c.h; name = ORTInferenceBridge.h; path = Inference/ORTInferenceBridge.h; sourceTree = "<group>"; };
		BB85715E93D44CB82FB34564 /* RootView.swift */ = {isa = PBXFileReference; includeInIndex = 1; lastKnownFileType = sourcecode.swift; name = RootView.swift; path = App/RootView.swift; sourceTree = "<group>"; };
		BBF70B63B6B19885EBE3D531 /* CaptureView.swift */ = {isa = PBXFileReference; includeInIndex = 1; lastKnownFileType = sourcecode.swift; name = CaptureView.swift; path = Features/Capture/CaptureView.swift; sourceTree = "<group>"; };
		C34ACFDA6EB37843E70C2429 /* PhotoArchive.swift */ = {isa = PBXFileReference; includeInIndex = 1; lastKnownFileType = sourcecode.swift; name = PhotoArchive.swift; path = Photos/PhotoArchive.swift; sourceTree = "<group>"; };
		C8CA70E06E57A6B8D300F1F1 /* Debug.xcconfig */ = {isa = PBXFileReference; includeInIndex = 1; lastKnownFileType = text.xcconfig; path = Debug.xcconfig; sourceTree = "<group>"; };
		CCAFE4D54206E3178DFABF4A /* ImagePreprocessor.swift */ = {isa = PBXFileReference; includeInIndex = 1; lastKnownFileType = sourcecode.swift; name = ImagePreprocessor.swift; path = Inference/ImagePreprocessor.swift; sourceTree = "<group>"; };
		D33C7C987CD424D989E44AF2 /* CameraCaptureService.swift */ = {isa = PBXFileReference; includeInIndex = 1; lastKnownFileType = sourcecode.swift; name = CameraCaptureService.swift; path = Photos/CameraCaptureService.swift; sourceTree = "<group>"; };
		D53C2E9600C99EB6F79F2D50 /* InMemoryReadingRepository.swift */ = {isa = PBXFileReference; includeInIndex = 1; lastKnownFileType = sourcecode.swift; name = InMemoryReadingRepository.swift; path = Data/InMemoryReadingRepository.swift; sourceTree = "<group>"; };
		D7C8AD4C128B3ADE505F36E8 /* HomeAssistantResponseDecoderTests.swift */ = {isa = PBXFileReference; includeInIndex = 1; lastKnownFileType = sourcecode.swift; path = HomeAssistantResponseDecoderTests.swift; sourceTree = "<group>"; };
		E01B4BD076964A406B00BA3F /* CaptureViewModel.swift */ = {isa = PBXFileReference; includeInIndex = 1; lastKnownFileType = sourcecode.swift; name = CaptureViewModel.swift; path = Features/Capture/CaptureViewModel.swift; sourceTree = "<group>"; };
		E5EF60D50C1F852B6DD8955B /* ModelBundle.swift */ = {isa = PBXFileReference; includeInIndex = 1; lastKnownFileType = sourcecode.swift; name = ModelBundle.swift; path = Inference/ModelBundle.swift; sourceTree = "<group>"; };
		E66BC17B204038FC96315D35 /* ImageMetadataReaderTests.swift */ = {isa = PBXFileReference; includeInIndex = 1; lastKnownFileType = sourcecode.swift; path = ImageMetadataReaderTests.swift; sourceTree = "<group>"; };
		E7A0E76E453223BA64927F63 /* GasPhotoIOSTests.xctest */ = {isa = PBXFileReference; explicitFileType = wrapper.cfbundle; includeInIndex = 0; path = GasPhotoIOSTests.xctest; sourceTree = BUILT_PRODUCTS_DIR; };
		F1DB3D1B091705049838DD23 /* AppContainer.swift */ = {isa = PBXFileReference; includeInIndex = 1; lastKnownFileType = sourcecode.swift; name = AppContainer.swift; path = App/AppContainer.swift; sourceTree = "<group>"; };
		F2676F0D023030C2B6731A98 /* Pods-GasPhotoIOS.debug.xcconfig */ = {isa = PBXFileReference; includeInIndex = 1; lastKnownFileType = text.xcconfig; name = "Pods-GasPhotoIOS.debug.xcconfig"; path = "Target Support Files/Pods-GasPhotoIOS/Pods-GasPhotoIOS.debug.xcconfig"; sourceTree = "<group>"; };
		F4A4178C1C3795C2524FEECF /* window-detector-best.onnx */ = {isa = PBXFileReference; includeInIndex = 1; name = "window-detector-best.onnx"; path = "Resources/Models/window-detector-best.onnx"; sourceTree = "<group>"; };
		F55107C5A917A02B6DB15908 /* HomeAssistantResponseDecoder.swift */ = {isa = PBXFileReference; includeInIndex = 1; lastKnownFileType = sourcecode.swift; name = HomeAssistantResponseDecoder.swift; path = HomeAssistant/HomeAssistantResponseDecoder.swift; sourceTree = "<group>"; };
/* End PBXFileReference section */

/* Begin PBXFrameworksBuildPhase section */
		9380FED444FA97FC7B28A565 /* Frameworks */ = {
			isa = PBXFrameworksBuildPhase;
			buildActionMask = 2147483647;
			files = (
				6B7D7174AB3C3E269460B148 /* Foundation.framework in Frameworks */,
				FC040E3D1BC4A43EB9E1E821 /* Pods_GasPhotoIOS.framework in Frameworks */,
			);
			runOnlyForDeploymentPostprocessing = 0;
		};
		DD5FDBCD1DC578558AAF1724 /* Frameworks */ = {
			isa = PBXFrameworksBuildPhase;
			buildActionMask = 2147483647;
			files = (
				AD6CA90B2838F36D494C89C4 /* Foundation.framework in Frameworks */,
				0375CE2F853EDD2CE192DB7C /* Pods_GasPhotoIOSTests.framework in Frameworks */,
			);
			runOnlyForDeploymentPostprocessing = 0;
		};
/* End PBXFrameworksBuildPhase section */

/* Begin PBXGroup section */
		3FCC0259699FFCFC8238933A /* iOS */ = {
			isa = PBXGroup;
			children = (
				249CF9D89D7AD78277562664 /* Foundation.framework */,
			);
			name = iOS;
			sourceTree = "<group>";
		};
		42A063C187C8D4A3B0DCA270 /* Pods */ = {
			isa = PBXGroup;
			children = (
				64FFA69D3E581647A53AFD72 /* Pods-GasPhotoIOS.release.xcconfig */,
				F2676F0D023030C2B6731A98 /* Pods-GasPhotoIOS.debug.xcconfig */,
				0B0E3E55197811A4B85F22C8 /* Pods-GasPhotoIOSTests.release.xcconfig */,
				A1D2C3EA5CF679746A9ECB5F /* Pods-GasPhotoIOSTests.debug.xcconfig */,
			);
			name = Pods;
			path = Pods;
			sourceTree = "<group>";
		};
		5D9B8C0D6FEA7E81A42CF5CC /* GasPhotoIOS */ = {
			isa = PBXGroup;
			children = (
				F1DB3D1B091705049838DD23 /* AppContainer.swift */,
				2968C98EB05311BBD4EF8841 /* GasPhotoIOSApp.swift */,
				BB85715E93D44CB82FB34564 /* RootView.swift */,
				7C71CD57169C261974A0DFEE /* Reading.swift */,
				3AE92ACB1FD1025D28EF99FF /* ReadingValidator.swift */,
				9A15AA9A77F82D771D121292 /* SwiftDataReadingRepository.swift */,
				D53C2E9600C99EB6F79F2D50 /* InMemoryReadingRepository.swift */,
				985CE7CDA02F6902E1773618 /* ImageMetadataReader.swift */,
				C34ACFDA6EB37843E70C2429 /* PhotoArchive.swift */,
				D33C7C987CD424D989E44AF2 /* CameraCaptureService.swift */,
				CCAFE4D54206E3178DFABF4A /* ImagePreprocessor.swift */,
				7F8BBC0E841135E6C8AFDC6B /* digit-classifier-active.onnx */,
				F4A4178C1C3795C2524FEECF /* window-detector-best.onnx */,
				992EFA0046EC8A206DC91702 /* InferenceService.swift */,
				E5EF60D50C1F852B6DD8955B /* ModelBundle.swift */,
				66B5639083B2C75DC907E55A /* ORTInferenceBridge.mm */,
				7E2B938AA9088A66F35E7213 /* GasPhotoIOS-Bridging-Header.h */,
				B746235883114E787EFEF222 /* ORTInferenceBridge.h */,
				8AF99951854638D414690828 /* ONNXRuntime.swift */,
				0E23DA7ED5205AD176CCDC3F /* ReviewViewModel.swift */,
				7F732FD5BD6911616589F732 /* ReviewView.swift */,
				8526B5303533654CF80143DE /* WindowEditorView.swift */,
				BBF70B63B6B19885EBE3D531 /* CaptureView.swift */,
				E01B4BD076964A406B00BA3F /* CaptureViewModel.swift */,
				F55107C5A917A02B6DB15908 /* HomeAssistantResponseDecoder.swift */,
				809E5D1A8BF222606F3A4CC2 /* HomeAssistantCredentials.swift */,
				15C13EFA3968EC89D772A1CB /* URLSessionHomeAssistantClient.swift */,
				81C74485611129318E6E97AB /* HomeAssistantSettingsView.swift */,
			);
			name = GasPhotoIOS;
			path = GasPhotoIOS;
			sourceTree = "<group>";
		};
		74708BB3C618CB8031351CB6 /* Frameworks */ = {
			isa = PBXGroup;
			children = (
				3FCC0259699FFCFC8238933A /* iOS */,
				56E583CEE5BDEE301BBFD01C /* Pods_GasPhotoIOS.framework */,
				346DD9FA336C67C2E6D86A3E /* Pods_GasPhotoIOSTests.framework */,
			);
			name = Frameworks;
			sourceTree = "<group>";
		};
		84C43A6E12F47A116801E911 /* Products */ = {
			isa = PBXGroup;
			children = (
				44277C478B0A08980C3E1506 /* GasPhotoIOS.app */,
				E7A0E76E453223BA64927F63 /* GasPhotoIOSTests.xctest */,
			);
			name = Products;
			sourceTree = "<group>";
		};
		989ADB5E0CB9EFD71D8CE4E9 = {
			isa = PBXGroup;
			children = (
				84C43A6E12F47A116801E911 /* Products */,
				74708BB3C618CB8031351CB6 /* Frameworks */,
				5D9B8C0D6FEA7E81A42CF5CC /* GasPhotoIOS */,
				A62EEE8556F43C23A1A4159E /* GasPhotoIOSTests */,
				42A063C187C8D4A3B0DCA270 /* Pods */,
				A2ECF12A9616876A69F9F054 /* Config */,
			);
			sourceTree = "<group>";
		};
		A2ECF12A9616876A69F9F054 /* Config */ = {
			isa = PBXGroup;
			children = (
				27A128588490D9709D87CC53 /* BuildSettings.xcconfig */,
				C8CA70E06E57A6B8D300F1F1 /* Debug.xcconfig */,
				430D2B50CF73EE9C1C72B5A0 /* Release.xcconfig */,
			);
			name = Config;
			path = Config;
			sourceTree = "<group>";
		};
		A62EEE8556F43C23A1A4159E /* GasPhotoIOSTests */ = {
			isa = PBXGroup;
			children = (
				8E99B0DB029F6D7B1844BA34 /* AppContainerTests.swift */,
				5DB7B0A6B6A22A81C966661D /* ReadingValidatorTests.swift */,
				6E42C97DAD22A3B118935D05 /* SwiftDataReadingRepositoryTests.swift */,
				E66BC17B204038FC96315D35 /* ImageMetadataReaderTests.swift */,
				9A9FD425828F2DCD63CD6D1D /* PhotoArchiveTests.swift */,
				7F030BC1CD90A311A9953F7A /* ImagePreprocessorTests.swift */,
				4C5BFD5EBD37002562149DA5 /* InferenceServiceTests.swift */,
				9888E9770065568352C050B4 /* ONNXRuntimeTests.swift */,
				8D0998D5DDCDABC7650B6BAB /* ReviewViewModelTests.swift */,
				D7C8AD4C128B3ADE505F36E8 /* HomeAssistantResponseDecoderTests.swift */,
				B18D13F80DFC9ABEA0EE008E /* KeychainCredentialStoreTests.swift */,
				1C8780A305A3B5270212F649 /* HomeAssistantClientTests.swift */,
			);
			name = GasPhotoIOSTests;
			path = GasPhotoIOSTests;
			sourceTree = "<group>";
		};
/* End PBXGroup section */

/* Begin PBXNativeTarget section */
		25892F660FEE598AB58F4FEB /* GasPhotoIOS */ = {
			isa = PBXNativeTarget;
			buildConfigurationList = DE5BB67BE003841596ADC64A /* Build configuration list for PBXNativeTarget "GasPhotoIOS" */;
			buildPhases = (
				15A60C050ABC1B7F28317EEF /* [CP] Check Pods Manifest.lock */,
				32A1483194C5DF791767ED61 /* Sources */,
				9380FED444FA97FC7B28A565 /* Frameworks */,
				2FF6F6D7B151D6119ACF58BD /* Resources */,
			);
			buildRules = (
			);
			dependencies = (
			);
			name = GasPhotoIOS;
			productName = GasPhotoIOS;
			productReference = 44277C478B0A08980C3E1506 /* GasPhotoIOS.app */;
			productType = "com.apple.product-type.application";
		};
		F05119FEED9D7E35B231FF41 /* GasPhotoIOSTests */ = {
			isa = PBXNativeTarget;
			buildConfigurationList = ECF5D0B49037027AB9FF119F /* Build configuration list for PBXNativeTarget "GasPhotoIOSTests" */;
			buildPhases = (
				705B1B7B7DA5BB520A6CB2B4 /* [CP] Check Pods Manifest.lock */,
				2732ADCC8E7546B8C282CBBD /* Sources */,
				DD5FDBCD1DC578558AAF1724 /* Frameworks */,
				8EB6BCFFBD33A7CAB0A2D059 /* Resources */,
			);
			buildRules = (
			);
			dependencies = (
				21EDCE2D1EBB4C4E452EF61B /* PBXTargetDependency */,
			);
			name = GasPhotoIOSTests;
			productName = GasPhotoIOSTests;
			productReference = E7A0E76E453223BA64927F63 /* GasPhotoIOSTests.xctest */;
			productType = "com.apple.product-type.bundle.unit-test";
		};
/* End PBXNativeTarget section */

/* Begin PBXProject section */
		1CF24AF07520823C1569221F /* Project object */ = {
			isa = PBXProject;
			attributes = {
				LastSwiftUpdateCheck = 1600;
				LastUpgradeCheck = 1600;
			};
			buildConfigurationList = BA818CB79F8085EC538C220F /* Build configuration list for PBXProject "GasPhotoIOS" */;
			compatibilityVersion = "Xcode 3.2";
			developmentRegion = en;
			hasScannedForEncodings = 0;
			knownRegions = (
				en,
				Base,
			);
			mainGroup = 989ADB5E0CB9EFD71D8CE4E9;
			minimizedProjectReferenceProxies = 0;
			preferredProjectObjectVersion = 100;
			productRefGroup = 84C43A6E12F47A116801E911 /* Products */;
			projectDirPath = "";
			projectRoot = "";
			targets = (
				25892F660FEE598AB58F4FEB /* GasPhotoIOS */,
				F05119FEED9D7E35B231FF41 /* GasPhotoIOSTests */,
			);
		};
/* End PBXProject section */

/* Begin PBXResourcesBuildPhase section */
		2FF6F6D7B151D6119ACF58BD /* Resources */ = {
			isa = PBXResourcesBuildPhase;
			buildActionMask = 2147483647;
			files = (
				E88DBC5A87E19270ED8662A5 /* digit-classifier-active.onnx in Resources */,
				4B932709508103367C6DC3BB /* window-detector-best.onnx in Resources */,
			);
			runOnlyForDeploymentPostprocessing = 0;
		};
		8EB6BCFFBD33A7CAB0A2D059 /* Resources */ = {
			isa = PBXResourcesBuildPhase;
			buildActionMask = 2147483647;
			files = (
			);
			runOnlyForDeploymentPostprocessing = 0;
		};
/* End PBXResourcesBuildPhase section */

/* Begin PBXShellScriptBuildPhase section */
		15A60C050ABC1B7F28317EEF /* [CP] Check Pods Manifest.lock */ = {
			isa = PBXShellScriptBuildPhase;
			buildActionMask = 2147483647;
			files = (
			);
			inputFileListPaths = (
			);
			inputPaths = (
				"${PODS_PODFILE_DIR_PATH}/Podfile.lock",
				"${PODS_ROOT}/Manifest.lock",
			);
			name = "[CP] Check Pods Manifest.lock";
			outputFileListPaths = (
			);
			outputPaths = (
				"$(DERIVED_FILE_DIR)/Pods-GasPhotoIOS-checkManifestLockResult.txt",
			);
			runOnlyForDeploymentPostprocessing = 0;
			shellPath = /bin/sh;
			shellScript = "diff \"${PODS_PODFILE_DIR_PATH}/Podfile.lock\" \"${PODS_ROOT}/Manifest.lock\" > /dev/null\nif [ $? != 0 ] ; then\n    # print error to STDERR\n    echo \"error: The sandbox is not in sync with the Podfile.lock. Run 'pod install' or update your CocoaPods installation.\" >&2\n    exit 1\nfi\n# This output is used by Xcode 'outputs' to avoid re-running this script phase.\necho \"SUCCESS\" > \"${SCRIPT_OUTPUT_FILE_0}\"\n";
			showEnvVarsInLog = 0;
		};
		705B1B7B7DA5BB520A6CB2B4 /* [CP] Check Pods Manifest.lock */ = {
			isa = PBXShellScriptBuildPhase;
			buildActionMask = 2147483647;
			files = (
			);
			inputFileListPaths = (
			);
			inputPaths = (
				"${PODS_PODFILE_DIR_PATH}/Podfile.lock",
				"${PODS_ROOT}/Manifest.lock",
			);
			name = "[CP] Check Pods Manifest.lock";
			outputFileListPaths = (
			);
			outputPaths = (
				"$(DERIVED_FILE_DIR)/Pods-GasPhotoIOSTests-checkManifestLockResult.txt",
			);
			runOnlyForDeploymentPostprocessing = 0;
			shellPath = /bin/sh;
			shellScript = "diff \"${PODS_PODFILE_DIR_PATH}/Podfile.lock\" \"${PODS_ROOT}/Manifest.lock\" > /dev/null\nif [ $? != 0 ] ; then\n    # print error to STDERR\n    echo \"error: The sandbox is not in sync with the Podfile.lock. Run 'pod install' or update your CocoaPods installation.\" >&2\n    exit 1\nfi\n# This output is used by Xcode 'outputs' to avoid re-running this script phase.\necho \"SUCCESS\" > \"${SCRIPT_OUTPUT_FILE_0}\"\n";
			showEnvVarsInLog = 0;
		};
/* End PBXShellScriptBuildPhase section */

/* Begin PBXSourcesBuildPhase section */
		2732ADCC8E7546B8C282CBBD /* Sources */ = {
			isa = PBXSourcesBuildPhase;
			buildActionMask = 2147483647;
			files = (
				82F569FAE9EB57BEC19C9A81 /* AppContainerTests.swift in Sources */,
				EEED7810F7FA4EDBBDA720C6 /* ReadingValidatorTests.swift in Sources */,
				7D549D94AFB97D8B700D9ED0 /* SwiftDataReadingRepositoryTests.swift in Sources */,
				4571EA6A02E301B11FBB1269 /* ImageMetadataReaderTests.swift in Sources */,
				F751CA1024AEECE353AB455F /* PhotoArchiveTests.swift in Sources */,
				3228541D992D617693B1A7F4 /* ImagePreprocessorTests.swift in Sources */,
				0C9A8EC8C3F2C23CF36E78C3 /* InferenceServiceTests.swift in Sources */,
				38D3A40558680E47032708F5 /* ONNXRuntimeTests.swift in Sources */,
				552C57A75A4B74AF9C334D47 /* ReviewViewModelTests.swift in Sources */,
				45E796E2876A30F5564D1801 /* HomeAssistantResponseDecoderTests.swift in Sources */,
				512BEB98D92C40F25C50819D /* KeychainCredentialStoreTests.swift in Sources */,
				9A79ED4D9BC631907C53C6D1 /* HomeAssistantClientTests.swift in Sources */,
			);
			runOnlyForDeploymentPostprocessing = 0;
		};
		32A1483194C5DF791767ED61 /* Sources */ = {
			isa = PBXSourcesBuildPhase;
			buildActionMask = 2147483647;
			files = (
				54543D0F389460519525D497 /* AppContainer.swift in Sources */,
				95F1C06D36B95FDB5B76F5DB /* GasPhotoIOSApp.swift in Sources */,
				C40F97A45A29F29A54E2DAD5 /* RootView.swift in Sources */,
				67FB2C507700E8F3BB4F6EFD /* Reading.swift in Sources */,
				243A9AAB555BF72EB8691C88 /* ReadingValidator.swift in Sources */,
				F86FF76EFF593C1A224E5A91 /* SwiftDataReadingRepository.swift in Sources */,
				4983F01B4A114F7CE6D204DE /* InMemoryReadingRepository.swift in Sources */,
				D426DB4B7C02D82A5574816B /* ImageMetadataReader.swift in Sources */,
				54364DB541F122608369E259 /* PhotoArchive.swift in Sources */,
				ADED1AAAD81283A6D09EFB15 /* CameraCaptureService.swift in Sources */,
				90C7B67A8C08FBBE2791285A /* ImagePreprocessor.swift in Sources */,
				14AF86F34CD34E9941043E01 /* InferenceService.swift in Sources */,
				D5CBA00F005885BDCD086BBE /* ModelBundle.swift in Sources */,
				D84E4AC9361C937B54FEE9CC /* ORTInferenceBridge.mm in Sources */,
				CD5B507D183A670417C91653 /* ONNXRuntime.swift in Sources */,
				E3609994E6AAD3304D3046B8 /* ReviewViewModel.swift in Sources */,
				740ECCC6AE2BAF2BEA9E54B0 /* ReviewView.swift in Sources */,
				71AC044032C76F461230BF23 /* WindowEditorView.swift in Sources */,
				D02656B1A297E9C82C2099AF /* CaptureView.swift in Sources */,
				86D6508DAEBC0F2C6152793D /* CaptureViewModel.swift in Sources */,
				3EB6E9A4DA5582E0E79771C5 /* HomeAssistantResponseDecoder.swift in Sources */,
				0CAEF3D7E3365CAD09EF85DC /* HomeAssistantCredentials.swift in Sources */,
				08ADC9CD5EC469E6D29EAF1A /* URLSessionHomeAssistantClient.swift in Sources */,
				9723517E762709BAD5BF088B /* HomeAssistantSettingsView.swift in Sources */,
			);
			runOnlyForDeploymentPostprocessing = 0;
		};
/* End PBXSourcesBuildPhase section */

/* Begin PBXTargetDependency section */
		21EDCE2D1EBB4C4E452EF61B /* PBXTargetDependency */ = {
			isa = PBXTargetDependency;
			name = GasPhotoIOS;
			target = 25892F660FEE598AB58F4FEB /* GasPhotoIOS */;
			targetProxy = 46073A5E9FD85442B03EBA85 /* PBXContainerItemProxy */;
		};
/* End PBXTargetDependency section */

/* Begin XCBuildConfiguration section */
		2F038712DD7FA4465A39D20E /* Release */ = {
			isa = XCBuildConfiguration;
			baseConfigurationReference = 430D2B50CF73EE9C1C72B5A0 /* Release.xcconfig */;
			buildSettings = {
				ASSETCATALOG_COMPILER_APPICON_NAME = AppIcon;
				ASSETCATALOG_COMPILER_GLOBAL_ACCENT_COLOR_NAME = AccentColor;
				CLANG_CXX_LANGUAGE_STANDARD = "gnu++17";
				CLANG_ENABLE_OBJC_WEAK = NO;
				INFOPLIST_FILE = GasPhotoIOS/Info.plist;
				LD_RUNPATH_SEARCH_PATHS = "$(inherited) @executable_path/Frameworks";
				SDKROOT = iphoneos;
				SWIFT_OBJC_BRIDGING_HEADER = "$(SRCROOT)/GasPhotoIOS/GasPhotoIOS-Bridging-Header.h";
				TARGETED_DEVICE_FAMILY = 1;
				VALIDATE_PRODUCT = YES;
			};
			name = Release;
		};
		426F065F995884409B7D61C7 /* Debug */ = {
			isa = XCBuildConfiguration;
			baseConfigurationReference = C8CA70E06E57A6B8D300F1F1 /* Debug.xcconfig */;
			buildSettings = {
				ASSETCATALOG_COMPILER_APPICON_NAME = AppIcon;
				ASSETCATALOG_COMPILER_GLOBAL_ACCENT_COLOR_NAME = AccentColor;
				CLANG_CXX_LANGUAGE_STANDARD = "gnu++17";
				CLANG_ENABLE_OBJC_WEAK = NO;
				INFOPLIST_FILE = GasPhotoIOS/Info.plist;
				LD_RUNPATH_SEARCH_PATHS = "$(inherited) @executable_path/Frameworks";
				SDKROOT = iphoneos;
				SWIFT_OBJC_BRIDGING_HEADER = "$(SRCROOT)/GasPhotoIOS/GasPhotoIOS-Bridging-Header.h";
				TARGETED_DEVICE_FAMILY = 1;
			};
			name = Debug;
		};
		815136CE24A2A0A789CB306E /* Debug */ = {
			isa = XCBuildConfiguration;
			buildSettings = {
				ALWAYS_SEARCH_USER_PATHS = NO;
				CLANG_ANALYZER_NONNULL = YES;
				CLANG_ANALYZER_NUMBER_OBJECT_CONVERSION = YES_AGGRESSIVE;
				CLANG_CXX_LANGUAGE_STANDARD = "gnu++14";
				CLANG_CXX_LIBRARY = "libc++";
				CLANG_ENABLE_MODULES = YES;
				CLANG_ENABLE_OBJC_ARC = YES;
				CLANG_ENABLE_OBJC_WEAK = YES;
				CLANG_WARN_BLOCK_CAPTURE_AUTORELEASING = YES;
				CLANG_WARN_BOOL_CONVERSION = YES;
				CLANG_WARN_COMMA = YES;
				CLANG_WARN_CONSTANT_CONVERSION = YES;
				CLANG_WARN_DEPRECATED_OBJC_IMPLEMENTATIONS = YES;
				CLANG_WARN_DIRECT_OBJC_ISA_USAGE = YES_ERROR;
				CLANG_WARN_DOCUMENTATION_COMMENTS = YES;
				CLANG_WARN_EMPTY_BODY = YES;
				CLANG_WARN_ENUM_CONVERSION = YES;
				CLANG_WARN_INFINITE_RECURSION = YES;
				CLANG_WARN_INT_CONVERSION = YES;
				CLANG_WARN_NON_LITERAL_NULL_CONVERSION = YES;
				CLANG_WARN_OBJC_IMPLICIT_RETAIN_SELF = YES;
				CLANG_WARN_OBJC_LITERAL_CONVERSION = YES;
				CLANG_WARN_OBJC_ROOT_CLASS = YES_ERROR;
				CLANG_WARN_QUOTED_INCLUDE_IN_FRAMEWORK_HEADER = YES;
				CLANG_WARN_RANGE_LOOP_ANALYSIS = YES;
				CLANG_WARN_STRICT_PROTOTYPES = YES;
				CLANG_WARN_SUSPICIOUS_MOVE = YES;
				CLANG_WARN_UNGUARDED_AVAILABILITY = YES_AGGRESSIVE;
				CLANG_WARN_UNREACHABLE_CODE = YES;
				CLANG_WARN__DUPLICATE_METHOD_MATCH = YES;
				COPY_PHASE_STRIP = NO;
				DEBUG_INFORMATION_FORMAT = dwarf;
				ENABLE_STRICT_OBJC_MSGSEND = YES;
				ENABLE_TESTABILITY = YES;
				GCC_C_LANGUAGE_STANDARD = gnu11;
				GCC_DYNAMIC_NO_PIC = NO;
				GCC_NO_COMMON_BLOCKS = YES;
				GCC_OPTIMIZATION_LEVEL = 0;
				GCC_PREPROCESSOR_DEFINITIONS = (
					"DEBUG=1",
					"$(inherited)",
				);
				GCC_WARN_64_TO_32_BIT_CONVERSION = YES;
				GCC_WARN_ABOUT_RETURN_TYPE = YES_ERROR;
				GCC_WARN_UNDECLARED_SELECTOR = YES;
				GCC_WARN_UNINITIALIZED_AUTOS = YES_AGGRESSIVE;
				GCC_WARN_UNUSED_FUNCTION = YES;
				GCC_WARN_UNUSED_VARIABLE = YES;
				MTL_ENABLE_DEBUG_INFO = INCLUDE_SOURCE;
				MTL_FAST_MATH = YES;
				ONLY_ACTIVE_ARCH = YES;
				PRODUCT_NAME = "$(TARGET_NAME)";
				SWIFT_ACTIVE_COMPILATION_CONDITIONS = DEBUG;
				SWIFT_OPTIMIZATION_LEVEL = "-Onone";
				SWIFT_VERSION = 5.0;
			};
			name = Debug;
		};
		8CC819D3E94883B8DA61CF0A /* Release */ = {
			isa = XCBuildConfiguration;
			baseConfigurationReference = 0B0E3E55197811A4B85F22C8 /* Pods-GasPhotoIOSTests.release.xcconfig */;
			buildSettings = {
				BUNDLE_LOADER = "$(TEST_HOST)";
				CLANG_ENABLE_OBJC_WEAK = NO;
				GENERATE_INFOPLIST_FILE = YES;
				IPHONEOS_DEPLOYMENT_TARGET = 26.0;
				PRODUCT_BUNDLE_IDENTIFIER = hu.m3nt1.gasphoto.ios.tests;
				SDKROOT = iphoneos;
				SWIFT_STRICT_CONCURRENCY = complete;
				SWIFT_VERSION = 6.0;
				TEST_HOST = "$(BUILT_PRODUCTS_DIR)/GasPhotoIOS.app/GasPhotoIOS";
				VALIDATE_PRODUCT = YES;
			};
			name = Release;
		};
		DCEE343C1F0215E9E28E2546 /* Release */ = {
			isa = XCBuildConfiguration;
			buildSettings = {
				ALWAYS_SEARCH_USER_PATHS = NO;
				CLANG_ANALYZER_NONNULL = YES;
				CLANG_ANALYZER_NUMBER_OBJECT_CONVERSION = YES_AGGRESSIVE;
				CLANG_CXX_LANGUAGE_STANDARD = "gnu++14";
				CLANG_CXX_LIBRARY = "libc++";
				CLANG_ENABLE_MODULES = YES;
				CLANG_ENABLE_OBJC_ARC = YES;
				CLANG_ENABLE_OBJC_WEAK = YES;
				CLANG_WARN_BLOCK_CAPTURE_AUTORELEASING = YES;
				CLANG_WARN_BOOL_CONVERSION = YES;
				CLANG_WARN_COMMA = YES;
				CLANG_WARN_CONSTANT_CONVERSION = YES;
				CLANG_WARN_DEPRECATED_OBJC_IMPLEMENTATIONS = YES;
				CLANG_WARN_DIRECT_OBJC_ISA_USAGE = YES_ERROR;
				CLANG_WARN_DOCUMENTATION_COMMENTS = YES;
				CLANG_WARN_EMPTY_BODY = YES;
				CLANG_WARN_ENUM_CONVERSION = YES;
				CLANG_WARN_INFINITE_RECURSION = YES;
				CLANG_WARN_INT_CONVERSION = YES;
				CLANG_WARN_NON_LITERAL_NULL_CONVERSION = YES;
				CLANG_WARN_OBJC_IMPLICIT_RETAIN_SELF = YES;
				CLANG_WARN_OBJC_LITERAL_CONVERSION = YES;
				CLANG_WARN_OBJC_ROOT_CLASS = YES_ERROR;
				CLANG_WARN_QUOTED_INCLUDE_IN_FRAMEWORK_HEADER = YES;
				CLANG_WARN_RANGE_LOOP_ANALYSIS = YES;
				CLANG_WARN_STRICT_PROTOTYPES = YES;
				CLANG_WARN_SUSPICIOUS_MOVE = YES;
				CLANG_WARN_UNGUARDED_AVAILABILITY = YES_AGGRESSIVE;
				CLANG_WARN_UNREACHABLE_CODE = YES;
				CLANG_WARN__DUPLICATE_METHOD_MATCH = YES;
				COPY_PHASE_STRIP = NO;
				DEBUG_INFORMATION_FORMAT = "dwarf-with-dsym";
				ENABLE_NS_ASSERTIONS = NO;
				ENABLE_STRICT_OBJC_MSGSEND = YES;
				GCC_C_LANGUAGE_STANDARD = gnu11;
				GCC_NO_COMMON_BLOCKS = YES;
				GCC_WARN_64_TO_32_BIT_CONVERSION = YES;
				GCC_WARN_ABOUT_RETURN_TYPE = YES_ERROR;
				GCC_WARN_UNDECLARED_SELECTOR = YES;
				GCC_WARN_UNINITIALIZED_AUTOS = YES_AGGRESSIVE;
				GCC_WARN_UNUSED_FUNCTION = YES;
				GCC_WARN_UNUSED_VARIABLE = YES;
				MTL_ENABLE_DEBUG_INFO = NO;
				MTL_FAST_MATH = YES;
				PRODUCT_NAME = "$(TARGET_NAME)";
				SWIFT_COMPILATION_MODE = wholemodule;
				SWIFT_OPTIMIZATION_LEVEL = "-O";
				SWIFT_VERSION = 5.0;
			};
			name = Release;
		};
		F345074CB1E0F8647256D886 /* Debug */ = {
			isa = XCBuildConfiguration;
			baseConfigurationReference = A1D2C3EA5CF679746A9ECB5F /* Pods-GasPhotoIOSTests.debug.xcconfig */;
			buildSettings = {
				BUNDLE_LOADER = "$(TEST_HOST)";
				CLANG_ENABLE_OBJC_WEAK = NO;
				GENERATE_INFOPLIST_FILE = YES;
				IPHONEOS_DEPLOYMENT_TARGET = 26.0;
				PRODUCT_BUNDLE_IDENTIFIER = hu.m3nt1.gasphoto.ios.tests;
				SDKROOT = iphoneos;
				SWIFT_STRICT_CONCURRENCY = complete;
				SWIFT_VERSION = 6.0;
				TEST_HOST = "$(BUILT_PRODUCTS_DIR)/GasPhotoIOS.app/GasPhotoIOS";
			};
			name = Debug;
		};
/* End XCBuildConfiguration section */

/* Begin XCConfigurationList section */
		BA818CB79F8085EC538C220F /* Build configuration list for PBXProject "GasPhotoIOS" */ = {
			isa = XCConfigurationList;
			buildConfigurations = (
				815136CE24A2A0A789CB306E /* Debug */,
				DCEE343C1F0215E9E28E2546 /* Release */,
			);
			defaultConfigurationIsVisible = 0;
			defaultConfigurationName = Release;
		};
		DE5BB67BE003841596ADC64A /* Build configuration list for PBXNativeTarget "GasPhotoIOS" */ = {
			isa = XCConfigurationList;
			buildConfigurations = (
				2F038712DD7FA4465A39D20E /* Release */,
				426F065F995884409B7D61C7 /* Debug */,
			);
			defaultConfigurationIsVisible = 0;
			defaultConfigurationName = Release;
		};
		ECF5D0B49037027AB9FF119F /* Build configuration list for PBXNativeTarget "GasPhotoIOSTests" */ = {
			isa = XCConfigurationList;
			buildConfigurations = (
				8CC819D3E94883B8DA61CF0A /* Release */,
				F345074CB1E0F8647256D886 /* Debug */,
			);
			defaultConfigurationIsVisible = 0;
			defaultConfigurationName = Release;
		};
/* End XCConfigurationList section */
	};
	rootObject = 1CF24AF07520823C1569221F /* Project object */;
}
