PODS:
  - onnxruntime-training-c (1.19.2)
  - onnxruntime-training-objc (1.19.2):
    - onnxruntime-training-objc/Core (= 1.19.2)
  - onnxruntime-training-objc/Core (1.19.2):
    - onnxruntime-training-c (= 1.19.2)

DEPENDENCIES:
  - onnxruntime-training-objc (= 1.19.2)

SPEC REPOS:
  trunk:
    - onnxruntime-training-c
    - onnxruntime-training-objc

SPEC CHECKSUMS:
  onnxruntime-training-c: 8f79948170609d27a0cf5d07a6d6875e58fe836e
  onnxruntime-training-objc: f5da1da56b53b29c2f70b0b754ac0df763d7f7b9

PODFILE CHECKSUM: bf1aae3f6ee7a5b6ef2a5304a88f3b5a2c4e2587

COCOAPODS: 1.17.0
